
Microsoft Visual Studio Solution File, Format Version 12.00
# Visual Studio 15
Project("{FAE04EC0-301F-11D3-BF4B-00C04F79EFBC}") = "Assembly-CSharp", "Assembly-CSharp.csproj", "{AF63FE77-5FBD-4C47-CE31-B12150C8D005}"
EndProject
Global
	GlobalSection(SolutionConfigurationPlatforms) = preSolution
		Debug|Any CPU = Debug|Any CPU
		Release|Any CPU = Release|Any CPU
	EndGlobalSection
	GlobalSection(ProjectConfigurationPlatforms) = postSolution
		{AF63FE77-5FBD-4C47-CE31-B12150C8D005}.Debug|Any CPU.ActiveCfg = Debug|Any CPU
		{AF63FE77-5FBD-4C47-CE31-B12150C8D005}.Debug|Any CPU.Build.0 = Debug|Any CPU
		{AF63FE77-5FBD-4C47-CE31-B12150C8D005}.Release|Any CPU.ActiveCfg = Release|Any CPU
		{AF63FE77-5FBD-4C47-CE31-B12150C8D005}.Release|Any CPU.Build.0 = Release|Any CPU
	EndGlobalSection
	GlobalSection(SolutionProperties) = preSolution
		HideSolutionNode = FALSE
	EndGlobalSection
EndGlobal
